// !$*UTF8*$!
{
	archiveVersion = 1;
	classes = {
	};
	objectVersion = 50;
	objects = {

/* Begin PBXBuildFile section */
		9C5CC2542616D19900BCDFE0 /* CategoryRow.swift in Sources */ = {isa = PBXBuildFile; fileRef = 9C5CC2532616D19900BCDFE0 /* CategoryRow.swift */; };
		9C5CC25A2616D26C00BCDFE0 /* CategoryItem.swift in Sources */ = {isa = PBXBuildFile; fileRef = 9C5CC2592616D26C00BCDFE0 /* CategoryItem.swift */; };
		9C785472261622E0004D06A5 /* HexagonParameters.swift in Sources */ = {isa = PBXBuildFile; fileRef = 9C785471261622E0004D06A5 /* HexagonParameters.swift */; };
		9C785479261623A1004D06A5 /* BadgeBackground.swift in Sources */ = {isa = PBXBuildFile; fileRef = 9C785478261623A1004D06A5 /* BadgeBackground.swift */; };
		9C78547C26162516004D06A5 /* BadgeSymbol.swift in Sources */ = {isa = PBXBuildFile; fileRef = 9C78547B26162516004D06A5 /* BadgeSymbol.swift */; };
		9C78547F26162583004D06A5 /* RotatedBadgeSymbol .swift in Sources */ = {isa = PBXBuildFile; fileRef = 9C78547E26162583004D06A5 /* RotatedBadgeSymbol .swift */; };
		9C785482261625A0004D06A5 /* Badge.swift in Sources */ = {isa = PBXBuildFile; fileRef = 9C785481261625A0004D06A5 /* Badge.swift */; };
		9C785486261627A9004D06A5 /* hikeData.json in Resources */ = {isa = PBXBuildFile; fileRef = 9C785485261627A9004D06A5 /* hikeData.json */; };
		9C785489261627D5004D06A5 /* Hike.swift in Sources */ = {isa = PBXBuildFile; fileRef = 9C785488261627D5004D06A5 /* Hike.swift */; };
		9C78549826162879004D06A5 /* HikeView.swift in Sources */ = {isa = PBXBuildFile; fileRef = 9C78549426162879004D06A5 /* HikeView.swift */; };
		9C78549926162879004D06A5 /* GraphCapsule.swift in Sources */ = {isa = PBXBuildFile; fileRef = 9C78549526162879004D06A5 /* GraphCapsule.swift */; };
		9C78549A26162879004D06A5 /* HikeDetail.swift in Sources */ = {isa = PBXBuildFile; fileRef = 9C78549626162879004D06A5 /* HikeDetail.swift */; };
		9C78549B26162879004D06A5 /* HikeGraph.swift in Sources */ = {isa = PBXBuildFile; fileRef = 9C78549726162879004D06A5 /* HikeGraph.swift */; };
		9C7B0C152615EB4400B706DB /* LandmarkRow.swift in Sources */ = {isa = PBXBuildFile; fileRef = 9C7B0C142615EB4400B706DB /* LandmarkRow.swift */; };
		9C7B0C182615EC5000B706DB /* LandmarkList.swift in Sources */ = {isa = PBXBuildFile; fileRef = 9C7B0C172615EC5000B706DB /* LandmarkList.swift */; };
		9C7B0C1B2615ECC000B706DB /* LandmarkDetail.swift in Sources */ = {isa = PBXBuildFile; fileRef = 9C7B0C1A2615ECC000B706DB /* LandmarkDetail.swift */; };
		9C7B0C1E2615FF9E00B706DB /* landmarkData.json in Resources */ = {isa = PBXBuildFile; fileRef = 9C7B0C1D2615FF9E00B706DB /* landmarkData.json */; };
		9C7B0C222616132C00B706DB /* FavoriteButton.swift in Sources */ = {isa = PBXBuildFile; fileRef = 9C7B0C212616132C00B706DB /* FavoriteButton.swift */; };
		9CAD2AD42615BC3600D8FEF4 /* EduProjApp.swift in Sources */ = {isa = PBXBuildFile; fileRef = 9CAD2AD32615BC3600D8FEF4 /* EduProjApp.swift */; };
		9CAD2AD62615BC3600D8FEF4 /* ContentView.swift in Sources */ = {isa = PBXBuildFile; fileRef = 9CAD2AD52615BC3600D8FEF4 /* ContentView.swift */; };
		9CAD2AD82615BC3600D8FEF4 /* Assets.xcassets in Resources */ = {isa = PBXBuildFile; fileRef = 9CAD2AD72615BC3600D8FEF4 /* Assets.xcassets */; };
		9CAD2ADB2615BC3600D8FEF4 /* Preview Assets.xcassets in Resources */ = {isa = PBXBuildFile; fileRef = 9CAD2ADA2615BC3600D8FEF4 /* Preview Assets.xcassets */; };
		9CAD2AE42615BFC500D8FEF4 /* CircleImage.swift in Sources */ = {isa = PBXBuildFile; fileRef = 9CAD2AE32615BFC500D8FEF4 /* CircleImage.swift */; };
		9CAD2AE72615C05E00D8FEF4 /* mapView.swift in Sources */ = {isa = PBXBuildFile; fileRef = 9CAD2AE62615C05E00D8FEF4 /* mapView.swift */; };
		9CAD2AEF2615E8E000D8FEF4 /* Landmark.swift in Sources */ = {isa = PBXBuildFile; fileRef = 9CAD2AEE2615E8E000D8FEF4 /* Landmark.swift */; };
		9CAD2AF22615EA2000D8FEF4 /* ModelData.swift in Sources */ = {isa = PBXBuildFile; fileRef = 9CAD2AF12615EA2000D8FEF4 /* ModelData.swift */; };
		9CFF6D492616CDE0009F8377 /* CategoryHome.swift in Sources */ = {isa = PBXBuildFile; fileRef = 9CFF6D482616CDE0009F8377 /* CategoryHome.swift */; };
/* End PBXBuildFile section */

/* Begin PBXFileReference section */
		9C5CC2532616D19900BCDFE0 /* CategoryRow.swift */ = {isa = PBXFileReference; lastKnownFileType = sourcecode.swift; path = CategoryRow.swift; sourceTree = "<group>"; };
		9C5CC2592616D26C00BCDFE0 /* CategoryItem.swift */ = {isa = PBXFileReference; lastKnownFileType = sourcecode.swift; path = CategoryItem.swift; sourceTree = "<group>"; };
		9C785471261622E0004D06A5 /* HexagonParameters.swift */ = {isa = PBXFileReference; lastKnownFileType = sourcecode.swift; path = HexagonParameters.swift; sourceTree = "<group>"; };
		9C785478261623A1004D06A5 /* BadgeBackground.swift */ = {isa = PBXFileReference; lastKnownFileType = sourcecode.swift; path = BadgeBackground.swift; sourceTree = "<group>"; };
		9C78547B26162516004D06A5 /* BadgeSymbol.swift */ = {isa = PBXFileReference; lastKnownFileType = sourcecode.swift; path = BadgeSymbol.swift; sourceTree = "<group>"; };
		9C78547E26162583004D06A5 /* RotatedBadgeSymbol .swift */ = {isa = PBXFileReference; lastKnownFileType = sourcecode.swift; path = "RotatedBadgeSymbol .swift"; sourceTree = "<group>"; };
		9C785481261625A0004D06A5 /* Badge.swift */ = {isa = PBXFileReference; lastKnownFileType = sourcecode.swift; path = Badge.swift; sourceTree = "<group>"; };
		9C785485261627A9004D06A5 /* hikeData.json */ = {isa = PBXFileReference; fileEncoding = 4; lastKnownFileType = text.json; path = hikeData.json; sourceTree = "<group>"; };
		9C785488261627D5004D06A5 /* Hike.swift */ = {isa = PBXFileReference; lastKnownFileType = sourcecode.swift; path = Hike.swift; sourceTree = "<group>"; };
		9C78549426162879004D06A5 /* HikeView.swift */ = {isa = PBXFileReference; fileEncoding = 4; lastKnownFileType = sourcecode.swift; path = HikeView.swift; sourceTree = "<group>"; };
		9C78549526162879004D06A5 /* GraphCapsule.swift */ = {isa = PBXFileReference; fileEncoding = 4; lastKnownFileType = sourcecode.swift; path = GraphCapsule.swift; sourceTree = "<group>"; };
		9C78549626162879004D06A5 /* HikeDetail.swift */ = {isa = PBXFileReference; fileEncoding = 4; lastKnownFileType = sourcecode.swift; path = HikeDetail.swift; sourceTree = "<group>"; };
		9C78549726162879004D06A5 /* HikeGraph.swift */ = {isa = PBXFileReference; fileEncoding = 4; lastKnownFileType = sourcecode.swift; path = HikeGraph.swift; sourceTree = "<group>"; };
		9C7B0C142615EB4400B706DB /* LandmarkRow.swift */ = {isa = PBXFileReference; lastKnownFileType = sourcecode.swift; path = LandmarkRow.swift; sourceTree = "<group>"; };
		9C7B0C172615EC5000B706DB /* LandmarkList.swift */ = {isa = PBXFileReference; lastKnownFileType = sourcecode.swift; path = LandmarkList.swift; sourceTree = "<group>"; };
		9C7B0C1A2615ECC000B706DB /* LandmarkDetail.swift */ = {isa = PBXFileReference; lastKnownFileType = sourcecode.swift; path = LandmarkDetail.swift; sourceTree = "<group>"; };
		9C7B0C1D2615FF9E00B706DB /* landmarkData.json */ = {isa = PBXFileReference; fileEncoding = 4; lastKnownFileType = text.json; name = landmarkData.json; path = ../../../../Downloads/HandlingUserInput/Complete/Landmarks/Resources/landmarkData.json; sourceTree = "<group>"; };
		9C7B0C212616132C00B706DB /* FavoriteButton.swift */ = {isa = PBXFileReference; lastKnownFileType = sourcecode.swift; path = FavoriteButton.swift; sourceTree = "<group>"; };
		9CAD2AD02615BC3600D8FEF4 /* EduProj.app */ = {isa = PBXFileReference; explicitFileType = wrapper.application; includeInIndex = 0; path = EduProj.app; sourceTree = BUILT_PRODUCTS_DIR; };
		9CAD2AD32615BC3600D8FEF4 /* EduProjApp.swift */ = {isa = PBXFileReference; lastKnownFileType = sourcecode.swift; path = EduProjApp.swift; sourceTree = "<group>"; };
		9CAD2AD52615BC3600D8FEF4 /* ContentView.swift */ = {isa = PBXFileReference; lastKnownFileType = sourcecode.swift; path = ContentView.swift; sourceTree = "<group>"; };
		9CAD2AD72615BC3600D8FEF4 /* Assets.xcassets */ = {isa = PBXFileReference; lastKnownFileType = folder.assetcatalog; path = Assets.xcassets; sourceTree = "<group>"; };
		9CAD2ADA2615BC3600D8FEF4 /* Preview Assets.xcassets */ = {isa = PBXFileReference; lastKnownFileType = folder.assetcatalog; path = "Preview Assets.xcassets"; sourceTree = "<group>"; };
		9CAD2ADC2615BC3600D8FEF4 /* Info.plist */ = {isa = PBXFileReference; lastKnownFileType = text.plist.xml; path = Info.plist; sourceTree = "<group>"; };
		9CAD2AE32615BFC500D8FEF4 /* CircleImage.swift */ = {isa = PBXFileReference; lastKnownFileType = sourcecode.swift; path = CircleImage.swift; sourceTree = "<group>"; };
		9CAD2AE62615C05E00D8FEF4 /* mapView.swift */ = {isa = PBXFileReference; lastKnownFileType = sourcecode.swift; path = mapView.swift; sourceTree = "<group>"; };
		9CAD2AE92615C44600D8FEF4 /* EduProj.entitlements */ = {isa = PBXFileReference; lastKnownFileType = text.plist.entitlements; path = EduProj.entitlements; sourceTree = "<group>"; };
		9CAD2AEE2615E8E000D8FEF4 /* Landmark.swift */ = {isa = PBXFileReference; lastKnownFileType = sourcecode.swift; path = Landmark.swift; sourceTree = "<group>"; };
		9CAD2AF12615EA2000D8FEF4 /* ModelData.swift */ = {isa = PBXFileReference; lastKnownFileType = sourcecode.swift; path = ModelData.swift; sourceTree = "<group>"; };
		9CFF6D482616CDE0009F8377 /* CategoryHome.swift */ = {isa = PBXFileReference; lastKnownFileType = sourcecode.swift; path = CategoryHome.swift; sourceTree = "<group>"; };
/* End PBXFileReference section */

/* Begin PBXFrameworksBuildPhase section */
		9CAD2ACD2615BC3600D8FEF4 /* Frameworks */ = {
			isa = PBXFrameworksBuildPhase;
			buildActionMask = 2147483647;
			files = (
			);
			runOnlyForDeploymentPostprocessing = 0;
		};
/* End PBXFrameworksBuildPhase section */

/* Begin PBXGroup section */
		9C78548426162732004D06A5 /* Badge */ = {
			isa = PBXGroup;
			children = (
				9C785471261622E0004D06A5 /* HexagonParameters.swift */,
				9C785478261623A1004D06A5 /* BadgeBackground.swift */,
				9C78547B26162516004D06A5 /* BadgeSymbol.swift */,
				9C78547E26162583004D06A5 /* RotatedBadgeSymbol .swift */,
				9C785481261625A0004D06A5 /* Badge.swift */,
			);
			path = Badge;
			sourceTree = "<group>";
		};
		9C78549326162867004D06A5 /* Hikes */ = {
			isa = PBXGroup;
			children = (
				9C78549526162879004D06A5 /* GraphCapsule.swift */,
				9C78549626162879004D06A5 /* HikeDetail.swift */,
				9C78549726162879004D06A5 /* HikeGraph.swift */,
				9C78549426162879004D06A5 /* HikeView.swift */,
			);
			path = Hikes;
			sourceTree = "<group>";
		};
		9C7B0C122615EAE900B706DB /* Model */ = {
			isa = PBXGroup;
			children = (
				9CAD2AEE2615E8E000D8FEF4 /* Landmark.swift */,
				9CAD2AF12615EA2000D8FEF4 /* ModelData.swift */,
				9C785488261627D5004D06A5 /* Hike.swift */,
			);
			path = Model;
			sourceTree = "<group>";
		};
		9C7B0C132615EB0300B706DB /* Resources */ = {
			isa = PBXGroup;
			children = (
				9C785485261627A9004D06A5 /* hikeData.json */,
				9C7B0C1D2615FF9E00B706DB /* landmarkData.json */,
			);
			path = Resources;
			sourceTree = "<group>";
		};
		9C7B0C242616137600B706DB /* Helpers */ = {
			isa = PBXGroup;
			children = (
				9C78549326162867004D06A5 /* Hikes */,
				9C7B0C212616132C00B706DB /* FavoriteButton.swift */,
				9CAD2AE62615C05E00D8FEF4 /* mapView.swift */,
				9CAD2AE32615BFC500D8FEF4 /* CircleImage.swift */,
			);
			path = Helpers;
			sourceTree = "<group>";
		};
		9C7B0C252616138700B706DB /* Landmarks */ = {
			isa = PBXGroup;
			children = (
				9C7B0C1A2615ECC000B706DB /* LandmarkDetail.swift */,
				9C7B0C172615EC5000B706DB /* LandmarkList.swift */,
				9C7B0C142615EB4400B706DB /* LandmarkRow.swift */,
			);
			path = Landmarks;
			sourceTree = "<group>";
		};
		9CAD2AC72615BC3600D8FEF4 = {
			isa = PBXGroup;
			children = (
				9CAD2AD22615BC3600D8FEF4 /* EduProj */,
				9CAD2AD12615BC3600D8FEF4 /* Products */,
			);
			sourceTree = "<group>";
		};
		9CAD2AD12615BC3600D8FEF4 /* Products */ = {
			isa = PBXGroup;
			children = (
				9CAD2AD02615BC3600D8FEF4 /* EduProj.app */,
			);
			name = Products;
			sourceTree = "<group>";
		};
		9CAD2AD22615BC3600D8FEF4 /* EduProj */ = {
			isa = PBXGroup;
			children = (
				9C7B0C132615EB0300B706DB /* Resources */,
				9CAD2AF52615EA8700D8FEF4 /* Views */,
				9C7B0C122615EAE900B706DB /* Model */,
				9CAD2AE92615C44600D8FEF4 /* EduProj.entitlements */,
				9CAD2AD32615BC3600D8FEF4 /* EduProjApp.swift */,
				9CAD2AD72615BC3600D8FEF4 /* Assets.xcassets */,
				9CAD2ADC2615BC3600D8FEF4 /* Info.plist */,
				9CAD2AD92615BC3600D8FEF4 /* Preview Content */,
			);
			path = EduProj;
			sourceTree = "<group>";
		};
		9CAD2AD92615BC3600D8FEF4 /* Preview Content */ = {
			isa = PBXGroup;
			children = (
				9CAD2ADA2615BC3600D8FEF4 /* Preview Assets.xcassets */,
			);
			path = "Preview Content";
			sourceTree = "<group>";
		};
		9CAD2AF52615EA8700D8FEF4 /* Views */ = {
			isa = PBXGroup;
			children = (
				9CFF6D472616CDC9009F8377 /* Categories */,
				9C78548426162732004D06A5 /* Badge */,
				9C7B0C252616138700B706DB /* Landmarks */,
				9C7B0C242616137600B706DB /* Helpers */,
				9CAD2AD52615BC3600D8FEF4 /* ContentView.swift */,
			);
			path = Views;
			sourceTree = "<group>";
		};
		9CFF6D472616CDC9009F8377 /* Categories */ = {
			isa = PBXGroup;
			children = (
				9CFF6D482616CDE0009F8377 /* CategoryHome.swift */,
				9C5CC2532616D19900BCDFE0 /* CategoryRow.swift */,
				9C5CC2592616D26C00BCDFE0 /* CategoryItem.swift */,
			);
			path = Categories;
			sourceTree = "<group>";
		};
/* End PBXGroup section */

/* Begin PBXNativeTarget section */
		9CAD2ACF2615BC3600D8FEF4 /* EduProj */ = {
			isa = PBXNativeTarget;
			buildConfigurationList = 9CAD2ADF2615BC3600D8FEF4 /* Build configuration list for PBXNativeTarget "EduProj" */;
			buildPhases = (
				9CAD2ACC2615BC3600D8FEF4 /* Sources */,
				9CAD2ACD2615BC3600D8FEF4 /* Frameworks */,
				9CAD2ACE2615BC3600D8FEF4 /* Resources */,
			);
			buildRules = (
			);
			dependencies = (
			);
			name = EduProj;
			productName = EduProj;
			productReference = 9CAD2AD02615BC3600D8FEF4 /* EduProj.app */;
			productType = "com.apple.product-type.application";
		};
/* End PBXNativeTarget section */

/* Begin PBXProject section */
		9CAD2AC82615BC3600D8FEF4 /* Project object */ = {
			isa = PBXProject;
			attributes = {
				LastSwiftUpdateCheck = 1240;
				LastUpgradeCheck = 1240;
				TargetAttributes = {
					9CAD2ACF2615BC3600D8FEF4 = {
						CreatedOnToolsVersion = 12.4;
					};
				};
			};
			buildConfigurationList = 9CAD2ACB2615BC3600D8FEF4 /* Build configuration list for PBXProject "EduProj" */;
			compatibilityVersion = "Xcode 9.3";
			developmentRegion = en;
			hasScannedForEncodings = 0;
			knownRegions = (
				en,
				Base,
			);
			mainGroup = 9CAD2AC72615BC3600D8FEF4;
			productRefGroup = 9CAD2AD12615BC3600D8FEF4 /* Products */;
			projectDirPath = "";
			projectRoot = "";
			targets = (
				9CAD2ACF2615BC3600D8FEF4 /* EduProj */,
			);
		};
/* End PBXProject section */

/* Begin PBXResourcesBuildPhase section */
		9CAD2ACE2615BC3600D8FEF4 /* Resources */ = {
			isa = PBXResourcesBuildPhase;
			buildActionMask = 2147483647;
			files = (
				9C785486261627A9004D06A5 /* hikeData.json in Resources */,
				9CAD2ADB2615BC3600D8FEF4 /* Preview Assets.xcassets in Resources */,
				9C7B0C1E2615FF9E00B706DB /* landmarkData.json in Resources */,
				9CAD2AD82615BC3600D8FEF4 /* Assets.xcassets in Resources */,
			);
			runOnlyForDeploymentPostprocessing = 0;
		};
/* End PBXResourcesBuildPhase section */

/* Begin PBXSourcesBuildPhase section */
		9CAD2ACC2615BC3600D8FEF4 /* Sources */ = {
			isa = PBXSourcesBuildPhase;
			buildActionMask = 2147483647;
			files = (
				9C5CC2542616D19900BCDFE0 /* CategoryRow.swift in Sources */,
				9CAD2AD62615BC3600D8FEF4 /* ContentView.swift in Sources */,
				9CFF6D492616CDE0009F8377 /* CategoryHome.swift in Sources */,
				9C785482261625A0004D06A5 /* Badge.swift in Sources */,
				9CAD2AE72615C05E00D8FEF4 /* mapView.swift in Sources */,
				9CAD2AD42615BC3600D8FEF4 /* EduProjApp.swift in Sources */,
				9C7B0C222616132C00B706DB /* FavoriteButton.swift in Sources */,
				9C78549826162879004D06A5 /* HikeView.swift in Sources */,
				9C785472261622E0004D06A5 /* HexagonParameters.swift in Sources */,
				9C78549A26162879004D06A5 /* HikeDetail.swift in Sources */,
				9C5CC25A2616D26C00BCDFE0 /* CategoryItem.swift in Sources */,
				9C785489261627D5004D06A5 /* Hike.swift in Sources */,
				9C78547C26162516004D06A5 /* BadgeSymbol.swift in Sources */,
				9C7B0C182615EC5000B706DB /* LandmarkList.swift in Sources */,
				9C7B0C1B2615ECC000B706DB /* LandmarkDetail.swift in Sources */,
				9C78547F26162583004D06A5 /* RotatedBadgeSymbol .swift in Sources */,
				9C78549B26162879004D06A5 /* HikeGraph.swift in Sources */,
				9C785479261623A1004D06A5 /* BadgeBackground.swift in Sources */,
				9CAD2AE42615BFC500D8FEF4 /* CircleImage.swift in Sources */,
				9C78549926162879004D06A5 /* GraphCapsule.swift in Sources */,
				9CAD2AEF2615E8E000D8FEF4 /* Landmark.swift in Sources */,
				9C7B0C152615EB4400B706DB /* LandmarkRow.swift in Sources */,
				9CAD2AF22615EA2000D8FEF4 /* ModelData.swift in Sources */,
			);
			runOnlyForDeploymentPostprocessing = 0;
		};
/* End PBXSourcesBuildPhase section */

/* Begin XCBuildConfiguration section */
		9CAD2ADD2615BC3600D8FEF4 /* Debug */ = {
			isa = XCBuildConfiguration;
			buildSettings = {
				ALWAYS_SEARCH_USER_PATHS = NO;
				CLANG_ANALYZER_NONNULL = YES;
				CLANG_ANALYZER_NUMBER_OBJECT_CONVERSION = YES_AGGRESSIVE;
				CLANG_CXX_LANGUAGE_STANDARD = "gnu++14";
				CLANG_CXX_LIBRARY = "libc++";
				CLANG_ENABLE_MODULES = YES;
				CLANG_ENABLE_OBJC_ARC = YES;
				CLANG_ENABLE_OBJC_WEAK = YES;
				CLANG_WARN_BLOCK_CAPTURE_AUTORELEASING = YES;
				CLANG_WARN_BOOL_CONVERSION = YES;
				CLANG_WARN_COMMA = YES;
				CLANG_WARN_CONSTANT_CONVERSION = YES;
				CLANG_WARN_DEPRECATED_OBJC_IMPLEMENTATIONS = YES;
				CLANG_WARN_DIRECT_OBJC_ISA_USAGE = YES_ERROR;
				CLANG_WARN_DOCUMENTATION_COMMENTS = YES;
				CLANG_WARN_EMPTY_BODY = YES;
				CLANG_WARN_ENUM_CONVERSION = YES;
				CLANG_WARN_INFINITE_RECURSION = YES;
				CLANG_WARN_INT_CONVERSION = YES;
				CLANG_WARN_NON_LITERAL_NULL_CONVERSION = YES;
				CLANG_WARN_OBJC_IMPLICIT_RETAIN_SELF = YES;
				CLANG_WARN_OBJC_LITERAL_CONVERSION = YES;
				CLANG_WARN_OBJC_ROOT_CLASS = YES_ERROR;
				CLANG_WARN_QUOTED_INCLUDE_IN_FRAMEWORK_HEADER = YES;
				CLANG_WARN_RANGE_LOOP_ANALYSIS = YES;
				CLANG_WARN_STRICT_PROTOTYPES = YES;
				CLANG_WARN_SUSPICIOUS_MOVE = YES;
				CLANG_WARN_UNGUARDED_AVAILABILITY = YES_AGGRESSIVE;
				CLANG_WARN_UNREACHABLE_CODE = YES;
				CLANG_WARN__DUPLICATE_METHOD_MATCH = YES;
				COPY_PHASE_STRIP = NO;
				DEBUG_INFORMATION_FORMAT = dwarf;
				ENABLE_STRICT_OBJC_MSGSEND = YES;
				ENABLE_TESTABILITY = YES;
				GCC_C_LANGUAGE_STANDARD = gnu11;
				GCC_DYNAMIC_NO_PIC = NO;
				GCC_NO_COMMON_BLOCKS = YES;
				GCC_OPTIMIZATION_LEVEL = 0;
				GCC_PREPROCESSOR_DEFINITIONS = (
					"DEBUG=1",
					"$(inherited)",
				);
				GCC_WARN_64_TO_32_BIT_CONVERSION = YES;
				GCC_WARN_ABOUT_RETURN_TYPE = YES_ERROR;
				GCC_WARN_UNDECLARED_SELECTOR = YES;
				GCC_WARN_UNINITIALIZED_AUTOS = YES_AGGRESSIVE;
				GCC_WARN_UNUSED_FUNCTION = YES;
				GCC_WARN_UNUSED_VARIABLE = YES;
				IPHONEOS_DEPLOYMENT_TARGET = 14.4;
				MTL_ENABLE_DEBUG_INFO = INCLUDE_SOURCE;
				MTL_FAST_MATH = YES;
				ONLY_ACTIVE_ARCH = YES;
				SDKROOT = iphoneos;
				SWIFT_ACTIVE_COMPILATION_CONDITIONS = DEBUG;
				SWIFT_OPTIMIZATION_LEVEL = "-Onone";
			};
			name = Debug;
		};
		9CAD2ADE2615BC3600D8FEF4 /* Release */ = {
			isa = XCBuildConfiguration;
			buildSettings = {
				ALWAYS_SEARCH_USER_PATHS = NO;
				CLANG_ANALYZER_NONNULL = YES;
				CLANG_ANALYZER_NUMBER_OBJECT_CONVERSION = YES_AGGRESSIVE;
				CLANG_CXX_LANGUAGE_STANDARD = "gnu++14";
				CLANG_CXX_LIBRARY = "libc++";
				CLANG_ENABLE_MODULES = YES;
				CLANG_ENABLE_OBJC_ARC = YES;
				CLANG_ENABLE_OBJC_WEAK = YES;
				CLANG_WARN_BLOCK_CAPTURE_AUTORELEASING = YES;
				CLANG_WARN_BOOL_CONVERSION = YES;
				CLANG_WARN_COMMA = YES;
				CLANG_WARN_CONSTANT_CONVERSION = YES;
				CLANG_WARN_DEPRECATED_OBJC_IMPLEMENTATIONS = YES;
				CLANG_WARN_DIRECT_OBJC_ISA_USAGE = YES_ERROR;
				CLANG_WARN_DOCUMENTATION_COMMENTS = YES;
				CLANG_WARN_EMPTY_BODY = YES;
				CLANG_WARN_ENUM_CONVERSION = YES;
				CLANG_WARN_INFINITE_RECURSION = YES;
				CLANG_WARN_INT_CONVERSION = YES;
				CLANG_WARN_NON_LITERAL_NULL_CONVERSION = YES;
				CLANG_WARN_OBJC_IMPLICIT_RETAIN_SELF = YES;
				CLANG_WARN_OBJC_LITERAL_CONVERSION = YES;
				CLANG_WARN_OBJC_ROOT_CLASS = YES_ERROR;
				CLANG_WARN_QUOTED_INCLUDE_IN_FRAMEWORK_HEADER = YES;
				CLANG_WARN_RANGE_LOOP_ANALYSIS = YES;
				CLANG_WARN_STRICT_PROTOTYPES = YES;
				CLANG_WARN_SUSPICIOUS_MOVE = YES;
				CLANG_WARN_UNGUARDED_AVAILABILITY = YES_AGGRESSIVE;
				CLANG_WARN_UNREACHABLE_CODE = YES;
				CLANG_WARN__DUPLICATE_METHOD_MATCH = YES;
				COPY_PHASE_STRIP = NO;
				DEBUG_INFORMATION_FORMAT = "dwarf-with-dsym";
				ENABLE_NS_ASSERTIONS = NO;
				ENABLE_STRICT_OBJC_MSGSEND = YES;
				GCC_C_LANGUAGE_STANDARD = gnu11;
				GCC_NO_COMMON_BLOCKS = YES;
				GCC_WARN_64_TO_32_BIT_CONVERSION = YES;
				GCC_WARN_ABOUT_RETURN_TYPE = YES_ERROR;
				GCC_WARN_UNDECLARED_SELECTOR = YES;
				GCC_WARN_UNINITIALIZED_AUTOS = YES_AGGRESSIVE;
				GCC_WARN_UNUSED_FUNCTION = YES;
				GCC_WARN_UNUSED_VARIABLE = YES;
				IPHONEOS_DEPLOYMENT_TARGET = 14.4;
				MTL_ENABLE_DEBUG_INFO = NO;
				MTL_FAST_MATH = YES;
				SDKROOT = iphoneos;
				SWIFT_COMPILATION_MODE = wholemodule;
				SWIFT_OPTIMIZATION_LEVEL = "-O";
				VALIDATE_PRODUCT = YES;
			};
			name = Release;
		};
		9CAD2AE02615BC3600D8FEF4 /* Debug */ = {
			isa = XCBuildConfiguration;
			buildSettings = {
				ASSETCATALOG_COMPILER_APPICON_NAME = AppIcon;
				ASSETCATALOG_COMPILER_GLOBAL_ACCENT_COLOR_NAME = AccentColor;
				CODE_SIGN_ENTITLEMENTS = EduProj/EduProj.entitlements;
				CODE_SIGN_STYLE = Automatic;
				DEVELOPMENT_ASSET_PATHS = "\"EduProj/Preview Content\"";
				DEVELOPMENT_TEAM = 4B8JG2SV4G;
				ENABLE_PREVIEWS = YES;
				INFOPLIST_FILE = EduProj/Info.plist;
				IPHONEOS_DEPLOYMENT_TARGET = 14.0;
				LD_RUNPATH_SEARCH_PATHS = (
					"$(inherited)",
					"@executable_path/Frameworks",
				);
				PRODUCT_BUNDLE_IDENTIFIER = com.eticon.EduProj;
				PRODUCT_NAME = "$(TARGET_NAME)";
				SUPPORTS_MACCATALYST = YES;
				SUPPORTS_MAC_DESIGNED_FOR_IPHONE_IPAD = NO;
				SWIFT_VERSION = 5.0;
				TARGETED_DEVICE_FAMILY = "1,2,6";
			};
			name = Debug;
		};
		9CAD2AE12615BC3600D8FEF4 /* Release */ = {
			isa = XCBuildConfiguration;
			buildSettings = {
				ASSETCATALOG_COMPILER_APPICON_NAME = AppIcon;
				ASSETCATALOG_COMPILER_GLOBAL_ACCENT_COLOR_NAME = AccentColor;
				CODE_SIGN_ENTITLEMENTS = EduProj/EduProj.entitlements;
				CODE_SIGN_STYLE = Automatic;
				DEVELOPMENT_ASSET_PATHS = "\"EduProj/Preview Content\"";
				DEVELOPMENT_TEAM = 4B8JG2SV4G;
				ENABLE_PREVIEWS = YES;
				INFOPLIST_FILE = EduProj/Info.plist;
				IPHONEOS_DEPLOYMENT_TARGET = 14.0;
				LD_RUNPATH_SEARCH_PATHS = (
					"$(inherited)",
					"@executable_path/Frameworks",
				);
				PRODUCT_BUNDLE_IDENTIFIER = com.eticon.EduProj;
				PRODUCT_NAME = "$(TARGET_NAME)";
				SUPPORTS_MACCATALYST = YES;
				SUPPORTS_MAC_DESIGNED_FOR_IPHONE_IPAD = NO;
				SWIFT_VERSION = 5.0;
				TARGETED_DEVICE_FAMILY = "1,2,6";
			};
			name = Release;
		};
/* End XCBuildConfiguration section */

/* Begin XCConfigurationList section */
		9CAD2ACB2615BC3600D8FEF4 /* Build configuration list for PBXProject "EduProj" */ = {
			isa = XCConfigurationList;
			buildConfigurations = (
				9CAD2ADD2615BC3600D8FEF4 /* Debug */,
				9CAD2ADE2615BC3600D8FEF4 /* Release */,
			);
			defaultConfigurationIsVisible = 0;
			defaultConfigurationName = Release;
		};
		9CAD2ADF2615BC3600D8FEF4 /* Build configuration list for PBXNativeTarget "EduProj" */ = {
			isa = XCConfigurationList;
			buildConfigurations = (
				9CAD2AE02615BC3600D8FEF4 /* Debug */,
				9CAD2AE12615BC3600D8FEF4 /* Release */,
			);
			defaultConfigurationIsVisible = 0;
			defaultConfigurationName = Release;
		};
/* End XCConfigurationList section */
	};
	rootObject = 9CAD2AC82615BC3600D8FEF4 /* Project object */;
}
